// !$*UTF8*$!
{
	archiveVersion = 1;
	classes = {
	};
	objectVersion = 48;
	objects = {

/* Begin PBXBuildFile section */
		4DDF65D8206ABCA600E0689B /* AppDelegate.swift in Sources */ = {isa = PBXBuildFile; fileRef = 4DDF65D7206ABCA600E0689B /* AppDelegate.swift */; };
		4DDF65DA206ABCA600E0689B /* ViewController.swift in Sources */ = {isa = PBXBuildFile; fileRef = 4DDF65D9206ABCA600E0689B /* ViewController.swift */; };
		4DDF65DC206ABCA600E0689B /* Assets.xcassets in Resources */ = {isa = PBXBuildFile; fileRef = 4DDF65DB206ABCA600E0689B /* Assets.xcassets */; };
		4DDF65DF206ABCA600E0689B /* Main.storyboard in Resources */ = {isa = PBXBuildFile; fileRef = 4DDF65DD206ABCA600E0689B /* Main.storyboard */; };
/* End PBXBuildFile section */

/* Begin PBXFileReference section */
		4DDF65D4206ABCA600E0689B /* YoutubeCastOnTv.app */ = {isa = PBXFileReference; explicitFileType = wrapper.application; includeInIndex = 0; path = YoutubeCastOnTv.app; sourceTree = BUILT_PRODUCTS_DIR; };
		4DDF65D7206ABCA600E0689B /* AppDelegate.swift */ = {isa = PBXFileReference; lastKnownFileType = sourcecode.swift; path = AppDelegate.swift; sourceTree = "<group>"; };
		4DDF65D9206ABCA600E0689B /* ViewController.swift */ = {isa = PBXFileReference; lastKnownFileType = sourcecode.swift; path = ViewController.swift; sourceTree = "<group>"; };
		4DDF65DB206ABCA600E0689B /* Assets.xcassets */ = {isa = PBXFileReference; lastKnownFileType = folder.assetcatalog; path = Assets.xcassets; sourceTree = "<group>"; };
		4DDF65DE206ABCA600E0689B /* Base */ = {isa = PBXFileReference; lastKnownFileType = file.storyboard; name = Base; path = Base.lproj/Main.storyboard; sourceTree = "<group>"; };
		4DDF65E0206ABCA600E0689B /* Info.plist */ = {isa = PBXFileReference; lastKnownFileType = text.plist.xml; path = Info.plist; sourceTree = "<group>"; };
		4DDF65E1206ABCA600E0689B /* YoutubeCastOnTv.entitlements */ = {isa = PBXFileReference; lastKnownFileType = text.plist.entitlements; path = YoutubeCastOnTv.entitlements; sourceTree = "<group>"; };
/* End PBXFileReference section */

/* Begin PBXFrameworksBuildPhase section */
		4DDF65D1206ABCA600E0689B /* Frameworks */ = {
			isa = PBXFrameworksBuildPhase;
			buildActionMask = 2147483647;
			files = (
			);
			runOnlyForDeploymentPostprocessing = 0;
		};
/* End PBXFrameworksBuildPhase section */

/* Begin PBXGroup section */
		4DDF65CB206ABCA600E0689B = {
			isa = PBXGroup;
			children = (
				4DDF65D6206ABCA600E0689B /* YoutubeCastOnTv */,
				4DDF65D5206ABCA600E0689B /* Products */,
			);
			sourceTree = "<group>";
		};
		4DDF65D5206ABCA600E0689B /* Products */ = {
			isa = PBXGroup;
			children = (
				4DDF65D4206ABCA600E0689B /* YoutubeCastOnTv.app */,
			);
			name = Products;
			sourceTree = "<group>";
		};
		4DDF65D6206ABCA600E0689B /* YoutubeCastOnTv */ = {
			isa = PBXGroup;
			children = (
				4DDF65D7206ABCA600E0689B /* AppDelegate.swift */,
				4DDF65D9206ABCA600E0689B /* ViewController.swift */,
				4DDF65DB206ABCA600E0689B /* Assets.xcassets */,
				4DDF65DD206ABCA600E0689B /* Main.storyboard */,
				4DDF65E0206ABCA600E0689B /* Info.plist */,
				4DDF65E1206ABCA600E0689B /* YoutubeCastOnTv.entitlements */,
			);
			path = YoutubeCastOnTv;
			sourceTree = "<group>";
		};
/* End PBXGroup section */

/* Begin PBXNativeTarget section */
		4DDF65D3206ABCA600E0689B /* YoutubeCastOnTv */ = {
			isa = PBXNativeTarget;
			buildConfigurationList = 4DDF65E4206ABCA600E0689B /* Build configuration list for PBXNativeTarget "YoutubeCastOnTv" */;
			buildPhases = (
				4DDF65D0206ABCA600E0689B /* Sources */,
				4DDF65D1206ABCA600E0689B /* Frameworks */,
				4DDF65D2206ABCA600E0689B /* Resources */,
			);
			buildRules = (
			);
			dependencies = (
			);
			name = YoutubeCastOnTv;
			productName = YoutubeCastOnTv;
			productReference = 4DDF65D4206ABCA600E0689B /* YoutubeCastOnTv.app */;
			productType = "com.apple.product-type.application";
		};
/* End PBXNativeTarget section */

/* Begin PBXProject section */
		4DDF65CC206ABCA600E0689B /* Project object */ = {
			isa = PBXProject;
			attributes = {
				LastSwiftUpdateCheck = 0920;
				LastUpgradeCheck = 0920;
				ORGANIZATIONNAME = "kirill reutov";
				TargetAttributes = {
					4DDF65D3206ABCA600E0689B = {
						CreatedOnToolsVersion = 9.2;
						ProvisioningStyle = Automatic;
					};
				};
			};
			buildConfigurationList = 4DDF65CF206ABCA600E0689B /* Build configuration list for PBXProject "YoutubeCastOnTv" */;
			compatibilityVersion = "Xcode 8.0";
			developmentRegion = en;
			hasScannedForEncodings = 0;
			knownRegions = (
				en,
				Base,
			);
			mainGroup = 4DDF65CB206ABCA600E0689B;
			productRefGroup = 4DDF65D5206ABCA600E0689B /* Products */;
			projectDirPath = "";
			projectRoot = "";
			targets = (
				4DDF65D3206ABCA600E0689B /* YoutubeCastOnTv */,
			);
		};
/* End PBXProject section */

/* Begin PBXResourcesBuildPhase section */
		4DDF65D2206ABCA600E0689B /* Resources */ = {
			isa = PBXResourcesBuildPhase;
			buildActionMask = 2147483647;
			files = (
				4DDF65DC206ABCA600E0689B /* Assets.xcassets in Resources */,
				4DDF65DF206ABCA600E0689B /* Main.storyboard in Resources */,
			);
			runOnlyForDeploymentPostprocessing = 0;
		};
/* End PBXResourcesBuildPhase section */

/* Begin PBXSourcesBuildPhase section */
		4DDF65D0206ABCA600E0689B /* Sources */ = {
			isa = PBXSourcesBuildPhase;
			buildActionMask = 2147483647;
			files = (
				4DDF65DA206ABCA600E0689B /* ViewController.swift in Sources */,
				4DDF65D8206ABCA600E0689B /* AppDelegate.swift in Sources */,
			);
			runOnlyForDeploymentPostprocessing = 0;
		};
/* End PBXSourcesBuildPhase section */

/* Begin PBXVariantGroup section */
		4DDF65DD206ABCA600E0689B /* Main.storyboard */ = {
			isa = PBXVariantGroup;
			children = (
				4DDF65DE206ABCA600E0689B /* Base */,
			);
			name = Main.storyboard;
			sourceTree = "<group>";
		};
/* End PBXVariantGroup section */

/* Begin XCBuildConfiguration section */
		4DDF65E2206ABCA600E0689B /* Debug */ = {
			isa = XCBuildConfiguration;
			buildSettings = {
				ALWAYS_SEARCH_USER_PATHS = NO;
				CLANG_ANALYZER_NONNULL = YES;
				CLANG_ANALYZER_NUMBER_OBJECT_CONVERSION = YES_AGGRESSIVE;
				CLANG_CXX_LANGUAGE_STANDARD = "gnu++14";
				CLANG_CXX_LIBRARY = "libc++";
				CLANG_ENABLE_MODULES = YES;
				CLANG_ENABLE_OBJC_ARC = YES;
				CLANG_WARN_BLOCK_CAPTURE_AUTORELEASING = YES;
				CLANG_WARN_BOOL_CONVERSION = YES;
				CLANG_WARN_COMMA = YES;
				CLANG_WARN_CONSTANT_CONVERSION = YES;
				CLANG_WARN_DIRECT_OBJC_ISA_USAGE = YES_ERROR;
				CLANG_WARN_DOCUMENTATION_COMMENTS = YES;
				CLANG_WARN_EMPTY_BODY = YES;
				CLANG_WARN_ENUM_CONVERSION = YES;
				CLANG_WARN_INFINITE_RECURSION = YES;
				CLANG_WARN_INT_CONVERSION = YES;
				CLANG_WARN_NON_LITERAL_NULL_CONVERSION = YES;
				CLANG_WARN_OBJC_LITERAL_CONVERSION = YES;
				CLANG_WARN_OBJC_ROOT_CLASS = YES_ERROR;
				CLANG_WARN_RANGE_LOOP_ANALYSIS = YES;
				CLANG_WARN_STRICT_PROTOTYPES = YES;
				CLANG_WARN_SUSPICIOUS_MOVE = YES;
				CLANG_WARN_UNGUARDED_AVAILABILITY = YES_AGGRESSIVE;
				CLANG_WARN_UNREACHABLE_CODE = YES;
				CLANG_WARN__DUPLICATE_METHOD_MATCH = YES;
				CODE_SIGN_IDENTITY = "-";
				COPY_PHASE_STRIP = NO;
				DEBUG_INFORMATION_FORMAT = dwarf;
				ENABLE_STRICT_OBJC_MSGSEND = YES;
				ENABLE_TESTABILITY = YES;
				GCC_C_LANGUAGE_STANDARD = gnu11;
				GCC_DYNAMIC_NO_PIC = NO;
				GCC_NO_COMMON_BLOCKS = YES;
				GCC_OPTIMIZATION_LEVEL = 0;
				GCC_PREPROCESSOR_DEFINITIONS = (
					"DEBUG=1",
					"$(inherited)",
				);
				GCC_WARN_64_TO_32_BIT_CONVERSION = YES;
				GCC_WARN_ABOUT_RETURN_TYPE = YES_ERROR;
				GCC_WARN_UNDECLARED_SELECTOR = YES;
				GCC_WARN_UNINITIALIZED_AUTOS = YES_AGGRESSIVE;
				GCC_WARN_UNUSED_FUNCTION = YES;
				GCC_WARN_UNUSED_VARIABLE = YES;
				MACOSX_DEPLOYMENT_TARGET = 10.13;
				MTL_ENABLE_DEBUG_INFO = YES;
				ONLY_ACTIVE_ARCH = YES;
				SDKROOT = macosx;
				SWIFT_ACTIVE_COMPILATION_CONDITIONS = DEBUG;
				SWIFT_OPTIMIZATION_LEVEL = "-Onone";
			};
			name = Debug;
		};
		4DDF65E3206ABCA600E0689B /* Release */ = {
			isa = XCBuildConfiguration;
			buildSettings = {
				ALWAYS_SEARCH_USER_PATHS = NO;
				CLANG_ANALYZER_NONNULL = YES;
				CLANG_ANALYZER_NUMBER_OBJECT_CONVERSION = YES_AGGRESSIVE;
				CLANG_CXX_LANGUAGE_STANDARD = "gnu++14";
				CLANG_CXX_LIBRARY = "libc++";
				CLANG_ENABLE_MODULES = YES;
				CLANG_ENABLE_OBJC_ARC = YES;
				CLANG_WARN_BLOCK_CAPTURE_AUTORELEASING = YES;
				CLANG_WARN_BOOL_CONVERSION = YES;
				CLANG_WARN_COMMA = YES;
				CLANG_WARN_CONSTANT_CONVERSION = YES;
				CLANG_WARN_DIRECT_OBJC_ISA_USAGE = YES_ERROR;
				CLANG_WARN_DOCUMENTATION_COMMENTS = YES;
				CLANG_WARN_EMPTY_BODY = YES;
				CLANG_WARN_ENUM_CONVERSION = YES;
				CLANG_WARN_INFINITE_RECURSION = YES;
				CLANG_WARN_INT_CONVERSION = YES;
				CLANG_WARN_NON_LITERAL_NULL_CONVERSION = YES;
				CLANG_WARN_OBJC_LITERAL_CONVERSION = YES;
				CLANG_WARN_OBJC_ROOT_CLASS = YES_ERROR;
				CLANG_WARN_RANGE_LOOP_ANALYSIS = YES;
				CLANG_WARN_STRICT_PROTOTYPES = YES;
				CLANG_WARN_SUSPICIOUS_MOVE = YES;
				CLANG_WARN_UNGUARDED_AVAILABILITY = YES_AGGRESSIVE;
				CLANG_WARN_UNREACHABLE_CODE = YES;
				CLANG_WARN__DUPLICATE_METHOD_MATCH = YES;
				CODE_SIGN_IDENTITY = "-";
				COPY_PHASE_STRIP = NO;
				DEBUG_INFORMATION_FORMAT = "dwarf-with-dsym";
				ENABLE_NS_ASSERTIONS = NO;
				ENABLE_STRICT_OBJC_MSGSEND = YES;
				GCC_C_LANGUAGE_STANDARD = gnu11;
				GCC_NO_COMMON_BLOCKS = YES;
				GCC_WARN_64_TO_32_BIT_CONVERSION = YES;
				GCC_WARN_ABOUT_RETURN_TYPE = YES_ERROR;
				GCC_WARN_UNDECLARED_SELECTOR = YES;
				GCC_WARN_UNINITIALIZED_AUTOS = YES_AGGRESSIVE;
				GCC_WARN_UNUSED_FUNCTION = YES;
				GCC_WARN_UNUSED_VARIABLE = YES;
				MACOSX_DEPLOYMENT_TARGET = 10.13;
				MTL_ENABLE_DEBUG_INFO = NO;
				SDKROOT = macosx;
				SWIFT_OPTIMIZATION_LEVEL = "-Owholemodule";
			};
			name = Release;
		};
		4DDF65E5206ABCA600E0689B /* Debug */ = {
			isa = XCBuildConfiguration;
			buildSettings = {
				ASSETCATALOG_COMPILER_APPICON_NAME = AppIcon;
				CODE_SIGN_ENTITLEMENTS = YoutubeCastOnTv/YoutubeCastOnTv.entitlements;
				CODE_SIGN_STYLE = Automatic;
				COMBINE_HIDPI_IMAGES = YES;
				INFOPLIST_FILE = YoutubeCastOnTv/Info.plist;
				LD_RUNPATH_SEARCH_PATHS = "$(inherited) @executable_path/../Frameworks";
				PRODUCT_BUNDLE_IDENTIFIER = maza51.YoutubeCastOnTv;
				PRODUCT_NAME = "$(TARGET_NAME)";
				SWIFT_VERSION = 4.0;
			};
			name = Debug;
		};
		4DDF65E6206ABCA600E0689B /* Release */ = {
			isa = XCBuildConfiguration;
			buildSettings = {
				ASSETCATALOG_COMPILER_APPICON_NAME = AppIcon;
				CODE_SIGN_ENTITLEMENTS = YoutubeCastOnTv/YoutubeCastOnTv.entitlements;
				CODE_SIGN_STYLE = Automatic;
				COMBINE_HIDPI_IMAGES = YES;
				INFOPLIST_FILE = YoutubeCastOnTv/Info.plist;
				LD_RUNPATH_SEARCH_PATHS = "$(inherited) @executable_path/../Frameworks";
				PRODUCT_BUNDLE_IDENTIFIER = maza51.YoutubeCastOnTv;
				PRODUCT_NAME = "$(TARGET_NAME)";
				SWIFT_VERSION = 4.0;
			};
			name = Release;
		};
/* End XCBuildConfiguration section */

/* Begin XCConfigurationList section */
		4DDF65CF206ABCA600E0689B /* Build configuration list for PBXProject "YoutubeCastOnTv" */ = {
			isa = XCConfigurationList;
			buildConfigurations = (
				4DDF65E2206ABCA600E0689B /* Debug */,
				4DDF65E3206ABCA600E0689B /* Release */,
			);
			defaultConfigurationIsVisible = 0;
			defaultConfigurationName = Release;
		};
		4DDF65E4206ABCA600E0689B /* Build configuration list for PBXNativeTarget "YoutubeCastOnTv" */ = {
			isa = XCConfigurationList;
			buildConfigurations = (
				4DDF65E5206ABCA600E0689B /* Debug */,
				4DDF65E6206ABCA600E0689B /* Release */,
			);
			defaultConfigurationIsVisible = 0;
			defaultConfigurationName = Release;
		};
/* End XCConfigurationList section */
	};
	rootObject = 4DDF65CC206ABCA600E0689B /* Project object */;
}
